// !$*UTF8*$!
{
	archiveVersion = 1;
	classes = {
	};
	objectVersion = 56;
	objects = {

/* Begin PBXBuildFile section */
		6B463EFF2BF963D000A9B1C4 /* Real_time_Sport_AnalyzerApp.swift in Sources */ = {isa = PBXBuildFile; fileRef = 6B463EFE2BF963D000A9B1C4 /* Real_time_Sport_AnalyzerApp.swift */; };
		6B463F012BF963D000A9B1C4 /* ContentView.swift in Sources */ = {isa = PBXBuildFile; fileRef = 6B463F002BF963D000A9B1C4 /* ContentView.swift */; };
		6B463F032BF963D100A9B1C4 /* Assets.xcassets in Resources */ = {isa = PBXBuildFile; fileRef = 6B463F022BF963D100A9B1C4 /* Assets.xcassets */; };
		6B463F062BF963D100A9B1C4 /* Preview Assets.xcassets in Resources */ = {isa = PBXBuildFile; fileRef = 6B463F052BF963D100A9B1C4 /* Preview Assets.xcassets */; };
		6B463F0C2BF963D100A9B1C4 /* Real-time Sport Analyzer Watch App.app in Embed Watch Content */ = {isa = PBXBuildFile; fileRef = 6B463F0B2BF963D100A9B1C4 /* Real-time Sport Analyzer Watch App.app */; settings = {ATTRIBUTES = (RemoveHeadersOnCopy, ); }; };
		6B463F112BF963D100A9B1C4 /* Real_time_Sport_AnalyzerApp.swift in Sources */ = {isa = PBXBuildFile; fileRef = 6B463F102BF963D100A9B1C4 /* Real_time_Sport_AnalyzerApp.swift */; };
		6B463F132BF963D100A9B1C4 /* ContentView.swift in Sources */ = {isa = PBXBuildFile; fileRef = 6B463F122BF963D100A9B1C4 /* ContentView.swift */; };
		6B463F152BF963D200A9B1C4 /* Assets.xcassets in Resources */ = {isa = PBXBuildFile; fileRef = 6B463F142BF963D200A9B1C4 /* Assets.xcassets */; };
		6B463F182BF963D200A9B1C4 /* Preview Assets.xcassets in Resources */ = {isa = PBXBuildFile; fileRef = 6B463F172BF963D200A9B1C4 /* Preview Assets.xcassets */; };
/* End PBXBuildFile section */

/* Begin PBXContainerItemProxy section */
		6B463F0D2BF963D100A9B1C4 /* PBXContainerItemProxy */ = {
			isa = PBXContainerItemProxy;
			containerPortal = 6B463EF32BF963CF00A9B1C4 /* Project object */;
			proxyType = 1;
			remoteGlobalIDString = 6B463F0A2BF963D100A9B1C4;
			remoteInfo = "Real-time Sport Analyzer Watch App";
		};
/* End PBXContainerItemProxy section */

/* Begin PBXCopyFilesBuildPhase section */
		6B463F1E2BF963D200A9B1C4 /* Embed Watch Content */ = {
			isa = PBXCopyFilesBuildPhase;
			buildActionMask = 2147483647;
			dstPath = "$(CONTENTS_FOLDER_PATH)/Watch";
			dstSubfolderSpec = 16;
			files = (
				6B463F0C2BF963D100A9B1C4 /* Real-time Sport Analyzer Watch App.app in Embed Watch Content */,
			);
			name = "Embed Watch Content";
			runOnlyForDeploymentPostprocessing = 0;
		};
/* End PBXCopyFilesBuildPhase section */

/* Begin PBXFileReference section */
		6B463EFB2BF963D000A9B1C4 /* Real-time Sport Analyzer.app */ = {isa = PBXFileReference; explicitFileType = wrapper.application; includeInIndex = 0; path = "Real-time Sport Analyzer.app"; sourceTree = BUILT_PRODUCTS_DIR; };
		6B463EFE2BF963D000A9B1C4 /* Real_time_Sport_AnalyzerApp.swift */ = {isa = PBXFileReference; lastKnownFileType = sourcecode.swift; path = Real_time_Sport_AnalyzerApp.swift; sourceTree = "<group>"; };
		6B463F002BF963D000A9B1C4 /* ContentView.swift */ = {isa = PBXFileReference; lastKnownFileType = sourcecode.swift; path = ContentView.swift; sourceTree = "<group>"; };
		6B463F022BF963D100A9B1C4 /* Assets.xcassets */ = {isa = PBXFileReference; lastKnownFileType = folder.assetcatalog; path = Assets.xcassets; sourceTree = "<group>"; };
		6B463F052BF963D100A9B1C4 /* Preview Assets.xcassets */ = {isa = PBXFileReference; lastKnownFileType = folder.assetcatalog; path = "Preview Assets.xcassets"; sourceTree = "<group>"; };
		6B463F0B2BF963D100A9B1C4 /* Real-time Sport Analyzer Watch App.app */ = {isa = PBXFileReference; explicitFileType = wrapper.application; includeInIndex = 0; path = "Real-time Sport Analyzer Watch App.app"; sourceTree = BUILT_PRODUCTS_DIR; };
		6B463F102BF963D100A9B1C4 /* Real_time_Sport_AnalyzerApp.swift */ = {isa = PBXFileReference; lastKnownFileType = sourcecode.swift; path = Real_time_Sport_AnalyzerApp.swift; sourceTree = "<group>"; };
		6B463F122BF963D100A9B1C4 /* ContentView.swift */ = {isa = PBXFileReference; lastKnownFileType = sourcecode.swift; path = ContentView.swift; sourceTree = "<group>"; };
		6B463F142BF963D200A9B1C4 /* Assets.xcassets */ = {isa = PBXFileReference; lastKnownFileType = folder.assetcatalog; path = Assets.xcassets; sourceTree = "<group>"; };
		6B463F172BF963D200A9B1C4 /* Preview Assets.xcassets */ = {isa = PBXFileReference; lastKnownFileType = folder.assetcatalog; path = "Preview Assets.xcassets"; sourceTree = "<group>"; };
/* End PBXFileReference section */

/* Begin PBXFrameworksBuildPhase section */
		6B463EF82BF963D000A9B1C4 /* Frameworks */ = {
			isa = PBXFrameworksBuildPhase;
			buildActionMask = 2147483647;
			files = (
			);
			runOnlyForDeploymentPostprocessing = 0;
		};
		6B463F082BF963D100A9B1C4 /* Frameworks */ = {
			isa = PBXFrameworksBuildPhase;
			buildActionMask = 2147483647;
			files = (
			);
			runOnlyForDeploymentPostprocessing = 0;
		};
/* End PBXFrameworksBuildPhase section */

/* Begin PBXGroup section */
		6B463EF22BF963CF00A9B1C4 = {
			isa = PBXGroup;
			children = (
				6B463EFD2BF963D000A9B1C4 /* Real-time Sport Analyzer */,
				6B463F0F2BF963D100A9B1C4 /* Real-time Sport Analyzer Watch App */,
				6B463EFC2BF963D000A9B1C4 /* Products */,
			);
			sourceTree = "<group>";
		};
		6B463EFC2BF963D000A9B1C4 /* Products */ = {
			isa = PBXGroup;
			children = (
				6B463EFB2BF963D000A9B1C4 /* Real-time Sport Analyzer.app */,
				6B463F0B2BF963D100A9B1C4 /* Real-time Sport Analyzer Watch App.app */,
			);
			name = Products;
			sourceTree = "<group>";
		};
		6B463EFD2BF963D000A9B1C4 /* Real-time Sport Analyzer */ = {
			isa = PBXGroup;
			children = (
				6B463EFE2BF963D000A9B1C4 /* Real_time_Sport_AnalyzerApp.swift */,
				6B463F002BF963D000A9B1C4 /* ContentView.swift */,
				6B463F022BF963D100A9B1C4 /* Assets.xcassets */,
				6B463F042BF963D100A9B1C4 /* Preview Content */,
			);
			path = "Real-time Sport Analyzer";
			sourceTree = "<group>";
		};
		6B463F042BF963D100A9B1C4 /* Preview Content */ = {
			isa = PBXGroup;
			children = (
				6B463F052BF963D100A9B1C4 /* Preview Assets.xcassets */,
			);
			path = "Preview Content";
			sourceTree = "<group>";
		};
		6B463F0F2BF963D100A9B1C4 /* Real-time Sport Analyzer Watch App */ = {
			isa = PBXGroup;
			children = (
				6B463F102BF963D100A9B1C4 /* Real_time_Sport_AnalyzerApp.swift */,
				6B463F122BF963D100A9B1C4 /* ContentView.swift */,
				6B463F142BF963D200A9B1C4 /* Assets.xcassets */,
				6B463F162BF963D200A9B1C4 /* Preview Content */,
			);
			path = "Real-time Sport Analyzer Watch App";
			sourceTree = "<group>";
		};
		6B463F162BF963D200A9B1C4 /* Preview Content */ = {
			isa = PBXGroup;
			children = (
				6B463F172BF963D200A9B1C4 /* Preview Assets.xcassets */,
			);
			path = "Preview Content";
			sourceTree = "<group>";
		};
/* End PBXGroup section */

/* Begin PBXNativeTarget section */
		6B463EFA2BF963D000A9B1C4 /* Real-time Sport Analyzer */ = {
			isa = PBXNativeTarget;
			buildConfigurationList = 6B463F1F2BF963D200A9B1C4 /* Build configuration list for PBXNativeTarget "Real-time Sport Analyzer" */;
			buildPhases = (
				6B463EF72BF963D000A9B1C4 /* Sources */,
				6B463EF82BF963D000A9B1C4 /* Frameworks */,
				6B463EF92BF963D000A9B1C4 /* Resources */,
				6B463F1E2BF963D200A9B1C4 /* Embed Watch Content */,
			);
			buildRules = (
			);
			dependencies = (
				6B463F0E2BF963D100A9B1C4 /* PBXTargetDependency */,
			);
			name = "Real-time Sport Analyzer";
			productName = "Real-time Sport Analyzer";
			productReference = 6B463EFB2BF963D000A9B1C4 /* Real-time Sport Analyzer.app */;
			productType = "com.apple.product-type.application";
		};
		6B463F0A2BF963D100A9B1C4 /* Real-time Sport Analyzer Watch App */ = {
			isa = PBXNativeTarget;
			buildConfigurationList = 6B463F1B2BF963D200A9B1C4 /* Build configuration list for PBXNativeTarget "Real-time Sport Analyzer Watch App" */;
			buildPhases = (
				6B463F072BF963D100A9B1C4 /* Sources */,
				6B463F082BF963D100A9B1C4 /* Frameworks */,
				6B463F092BF963D100A9B1C4 /* Resources */,
			);
			buildRules = (
			);
			dependencies = (
			);
			name = "Real-time Sport Analyzer Watch App";
			productName = "Real-time Sport Analyzer Watch App";
			productReference = 6B463F0B2BF963D100A9B1C4 /* Real-time Sport Analyzer Watch App.app */;
			productType = "com.apple.product-type.application";
		};
/* End PBXNativeTarget section */

/* Begin PBXProject section */
		6B463EF32BF963CF00A9B1C4 /* Project object */ = {
			isa = PBXProject;
			attributes = {
				BuildIndependentTargetsInParallel = 1;
				LastSwiftUpdateCheck = 1540;
				LastUpgradeCheck = 1540;
				TargetAttributes = {
					6B463EFA2BF963D000A9B1C4 = {
						CreatedOnToolsVersion = 15.4;
					};
					6B463F0A2BF963D100A9B1C4 = {
						CreatedOnToolsVersion = 15.4;
					};
				};
			};
			buildConfigurationList = 6B463EF62BF963CF00A9B1C4 /* Build configuration list for PBXProject "Real-time Sport Analyzer" */;
			compatibilityVersion = "Xcode 14.0";
			developmentRegion = en;
			hasScannedForEncodings = 0;
			knownRegions = (
				en,
				Base,
			);
			mainGroup = 6B463EF22BF963CF00A9B1C4;
			productRefGroup = 6B463EFC2BF963D000A9B1C4 /* Products */;
			projectDirPath = "";
			projectRoot = "";
			targets = (
				6B463EFA2BF963D000A9B1C4 /* Real-time Sport Analyzer */,
				6B463F0A2BF963D100A9B1C4 /* Real-time Sport Analyzer Watch App */,
			);
		};
/* End PBXProject section */

/* Begin PBXResourcesBuildPhase section */
		6B463EF92BF963D000A9B1C4 /* Resources */ = {
			isa = PBXResourcesBuildPhase;
			buildActionMask = 2147483647;
			files = (
				6B463F062BF963D100A9B1C4 /* Preview Assets.xcassets in Resources */,
				6B463F032BF963D100A9B1C4 /* Assets.xcassets in Resources */,
			);
			runOnlyForDeploymentPostprocessing = 0;
		};
		6B463F092BF963D100A9B1C4 /* Resources */ = {
			isa = PBXResourcesBuildPhase;
			buildActionMask = 2147483647;
			files = (
				6B463F182BF963D200A9B1C4 /* Preview Assets.xcassets in Resources */,
				6B463F152BF963D200A9B1C4 /* Assets.xcassets in Resources */,
			);
			runOnlyForDeploymentPostprocessing = 0;
		};
/* End PBXResourcesBuildPhase section */

/* Begin PBXSourcesBuildPhase section */
		6B463EF72BF963D000A9B1C4 /* Sources */ = {
			isa = PBXSourcesBuildPhase;
			buildActionMask = 2147483647;
			files = (
				6B463F012BF963D000A9B1C4 /* ContentView.swift in Sources */,
				6B463EFF2BF963D000A9B1C4 /* Real_time_Sport_AnalyzerApp.swift in Sources */,
			);
			runOnlyForDeploymentPostprocessing = 0;
		};
		6B463F072BF963D100A9B1C4 /* Sources */ = {
			isa = PBXSourcesBuildPhase;
			buildActionMask = 2147483647;
			files = (
				6B463F132BF963D100A9B1C4 /* ContentView.swift in Sources */,
				6B463F112BF963D100A9B1C4 /* Real_time_Sport_AnalyzerApp.swift in Sources */,
			);
			runOnlyForDeploymentPostprocessing = 0;
		};
/* End PBXSourcesBuildPhase section */

/* Begin PBXTargetDependency section */
		6B463F0E2BF963D100A9B1C4 /* PBXTargetDependency */ = {
			isa = PBXTargetDependency;
			target = 6B463F0A2BF963D100A9B1C4 /* Real-time Sport Analyzer Watch App */;
			targetProxy = 6B463F0D2BF963D100A9B1C4 /* PBXContainerItemProxy */;
		};
/* End PBXTargetDependency section */

/* Begin XCBuildConfiguration section */
		6B463F192BF963D200A9B1C4 /* Debug */ = {
			isa = XCBuildConfiguration;
			buildSettings = {
				ALWAYS_SEARCH_USER_PATHS = NO;
				ASSETCATALOG_COMPILER_GENERATE_SWIFT_ASSET_SYMBOL_EXTENSIONS = YES;
				CLANG_ANALYZER_NONNULL = YES;
				CLANG_ANALYZER_NUMBER_OBJECT_CONVERSION = YES_AGGRESSIVE;
				CLANG_CXX_LANGUAGE_STANDARD = "gnu++20";
				CLANG_ENABLE_MODULES = YES;
				CLANG_ENABLE_OBJC_ARC = YES;
				CLANG_ENABLE_OBJC_WEAK = YES;
				CLANG_WARN_BLOCK_CAPTURE_AUTORELEASING = YES;
				CLANG_WARN_BOOL_CONVERSION = YES;
				CLANG_WARN_COMMA = YES;
				CLANG_WARN_CONSTANT_CONVERSION = YES;
				CLANG_WARN_DEPRECATED_OBJC_IMPLEMENTATIONS = YES;
				CLANG_WARN_DIRECT_OBJC_ISA_USAGE = YES_ERROR;
				CLANG_WARN_DOCUMENTATION_COMMENTS = YES;
				CLANG_WARN_EMPTY_BODY = YES;
				CLANG_WARN_ENUM_CONVERSION = YES;
				CLANG_WARN_INFINITE_RECURSION = YES;
				CLANG_WARN_INT_CONVERSION = YES;
				CLANG_WARN_NON_LITERAL_NULL_CONVERSION = YES;
				CLANG_WARN_OBJC_IMPLICIT_RETAIN_SELF = YES;
				CLANG_WARN_OBJC_LITERAL_CONVERSION = YES;
				CLANG_WARN_OBJC_ROOT_CLASS = YES_ERROR;
				CLANG_WARN_QUOTED_INCLUDE_IN_FRAMEWORK_HEADER = YES;
				CLANG_WARN_RANGE_LOOP_ANALYSIS = YES;
				CLANG_WARN_STRICT_PROTOTYPES = YES;
				CLANG_WARN_SUSPICIOUS_MOVE = YES;
				CLANG_WARN_UNGUARDED_AVAILABILITY = YES_AGGRESSIVE;
				CLANG_WARN_UNREACHABLE_CODE = YES;
				CLANG_WARN__DUPLICATE_METHOD_MATCH = YES;
				COPY_PHASE_STRIP = NO;
				DEBUG_INFORMATION_FORMAT = dwarf;
				ENABLE_STRICT_OBJC_MSGSEND = YES;
				ENABLE_TESTABILITY = YES;
				ENABLE_USER_SCRIPT_SANDBOXING = YES;
				GCC_C_LANGUAGE_STANDARD = gnu17;
				GCC_DYNAMIC_NO_PIC = NO;
				GCC_NO_COMMON_BLOCKS = YES;
				GCC_OPTIMIZATION_LEVEL = 0;
				GCC_PREPROCESSOR_DEFINITIONS = (
					"DEBUG=1",
					"$(inherited)",
				);
				GCC_WARN_64_TO_32_BIT_CONVERSION = YES;
				GCC_WARN_ABOUT_RETURN_TYPE = YES_ERROR;
				GCC_WARN_UNDECLARED_SELECTOR = YES;
				GCC_WARN_UNINITIALIZED_AUTOS = YES_AGGRESSIVE;
				GCC_WARN_UNUSED_FUNCTION = YES;
				GCC_WARN_UNUSED_VARIABLE = YES;
				LOCALIZATION_PREFERS_STRING_CATALOGS = YES;
				MTL_ENABLE_DEBUG_INFO = INCLUDE_SOURCE;
				MTL_FAST_MATH = YES;
				ONLY_ACTIVE_ARCH = YES;
				SWIFT_ACTIVE_COMPILATION_CONDITIONS = "DEBUG $(inherited)";
				SWIFT_OPTIMIZATION_LEVEL = "-Onone";
			};
			name = Debug;
		};
		6B463F1A2BF963D200A9B1C4 /* Release */ = {
			isa = XCBuildConfiguration;
			buildSettings = {
				ALWAYS_SEARCH_USER_PATHS = NO;
				ASSETCATALOG_COMPILER_GENERATE_SWIFT_ASSET_SYMBOL_EXTENSIONS = YES;
				CLANG_ANALYZER_NONNULL = YES;
				CLANG_ANALYZER_NUMBER_OBJECT_CONVERSION = YES_AGGRESSIVE;
				CLANG_CXX_LANGUAGE_STANDARD = "gnu++20";
				CLANG_ENABLE_MODULES = YES;
				CLANG_ENABLE_OBJC_ARC = YES;
				CLANG_ENABLE_OBJC_WEAK = YES;
				CLANG_WARN_BLOCK_CAPTURE_AUTORELEASING = YES;
				CLANG_WARN_BOOL_CONVERSION = YES;
				CLANG_WARN_COMMA = YES;
				CLANG_WARN_CONSTANT_CONVERSION = YES;
				CLANG_WARN_DEPRECATED_OBJC_IMPLEMENTATIONS = YES;
				CLANG_WARN_DIRECT_OBJC_ISA_USAGE = YES_ERROR;
				CLANG_WARN_DOCUMENTATION_COMMENTS = YES;
				CLANG_WARN_EMPTY_BODY = YES;
				CLANG_WARN_ENUM_CONVERSION = YES;
				CLANG_WARN_INFINITE_RECURSION = YES;
				CLANG_WARN_INT_CONVERSION = YES;
				CLANG_WARN_NON_LITERAL_NULL_CONVERSION = YES;
				CLANG_WARN_OBJC_IMPLICIT_RETAIN_SELF = YES;
				CLANG_WARN_OBJC_LITERAL_CONVERSION = YES;
				CLANG_WARN_OBJC_ROOT_CLASS = YES_ERROR;
				CLANG_WARN_QUOTED_INCLUDE_IN_FRAMEWORK_HEADER = YES;
				CLANG_WARN_RANGE_LOOP_ANALYSIS = YES;
				CLANG_WARN_STRICT_PROTOTYPES = YES;
				CLANG_WARN_SUSPICIOUS_MOVE = YES;
				CLANG_WARN_UNGUARDED_AVAILABILITY = YES_AGGRESSIVE;
				CLANG_WARN_UNREACHABLE_CODE = YES;
				CLANG_WARN__DUPLICATE_METHOD_MATCH = YES;
				COPY_PHASE_STRIP = NO;
				DEBUG_INFORMATION_FORMAT = "dwarf-with-dsym";
				ENABLE_NS_ASSERTIONS = NO;
				ENABLE_STRICT_OBJC_MSGSEND = YES;
				ENABLE_USER_SCRIPT_SANDBOXING = YES;
				GCC_C_LANGUAGE_STANDARD = gnu17;
				GCC_NO_COMMON_BLOCKS = YES;
				GCC_WARN_64_TO_32_BIT_CONVERSION = YES;
				GCC_WARN_ABOUT_RETURN_TYPE = YES_ERROR;
				GCC_WARN_UNDECLARED_SELECTOR = YES;
				GCC_WARN_UNINITIALIZED_AUTOS = YES_AGGRESSIVE;
				GCC_WARN_UNUSED_FUNCTION = YES;
				GCC_WARN_UNUSED_VARIABLE = YES;
				LOCALIZATION_PREFERS_STRING_CATALOGS = YES;
				MTL_ENABLE_DEBUG_INFO = NO;
				MTL_FAST_MATH = YES;
				SWIFT_COMPILATION_MODE = wholemodule;
			};
			name = Release;
		};
		6B463F1C2BF963D200A9B1C4 /* Debug */ = {
			isa = XCBuildConfiguration;
			buildSettings = {
				ASSETCATALOG_COMPILER_APPICON_NAME = AppIcon;
				ASSETCATALOG_COMPILER_GLOBAL_ACCENT_COLOR_NAME = AccentColor;
				CODE_SIGN_STYLE = Automatic;
				CURRENT_PROJECT_VERSION = 1;
				DEVELOPMENT_ASSET_PATHS = "\"Real-time Sport Analyzer Watch App/Preview Content\"";
				DEVELOPMENT_TEAM = VX94UJV87E;
				ENABLE_PREVIEWS = YES;
				GENERATE_INFOPLIST_FILE = YES;
				INFOPLIST_KEY_CFBundleDisplayName = "Real-time Sport Analyzer";
				INFOPLIST_KEY_UISupportedInterfaceOrientations = "UIInterfaceOrientationPortrait UIInterfaceOrientationPortraitUpsideDown";
				INFOPLIST_KEY_WKCompanionAppBundleIdentifier = "angthow1-jh.edu.Real-time-Sport-Analyzer";
				LD_RUNPATH_SEARCH_PATHS = (
					"$(inherited)",
					"@executable_path/Frameworks",
				);
				MARKETING_VERSION = 1.0;
				PRODUCT_BUNDLE_IDENTIFIER = "angthow1-jh.edu.Real-time-Sport-Analyzer.watchkitapp";
				PRODUCT_NAME = "$(TARGET_NAME)";
				SDKROOT = watchos;
				SKIP_INSTALL = YES;
				SWIFT_EMIT_LOC_STRINGS = YES;
				SWIFT_VERSION = 5.0;
				TARGETED_DEVICE_FAMILY = 4;
				WATCHOS_DEPLOYMENT_TARGET = 10.5;
			};
			name = Debug;
		};
		6B463F1D2BF963D200A9B1C4 /* Release */ = {
			isa = XCBuildConfiguration;
			buildSettings = {
				ASSETCATALOG_COMPILER_APPICON_NAME = AppIcon;
				ASSETCATALOG_COMPILER_GLOBAL_ACCENT_COLOR_NAME = AccentColor;
				CODE_SIGN_STYLE = Automatic;
				CURRENT_PROJECT_VERSION = 1;
				DEVELOPMENT_ASSET_PATHS = "\"Real-time Sport Analyzer Watch App/Preview Content\"";
				DEVELOPMENT_TEAM = VX94UJV87E;
				ENABLE_PREVIEWS = YES;
				GENERATE_INFOPLIST_FILE = YES;
				INFOPLIST_KEY_CFBundleDisplayName = "Real-time Sport Analyzer";
				INFOPLIST_KEY_UISupportedInterfaceOrientations = "UIInterfaceOrientationPortrait UIInterfaceOrientationPortraitUpsideDown";
				INFOPLIST_KEY_WKCompanionAppBundleIdentifier = "angthow1-jh.edu.Real-time-Sport-Analyzer";
				LD_RUNPATH_SEARCH_PATHS = (
					"$(inherited)",
					"@executable_path/Frameworks",
				);
				MARKETING_VERSION = 1.0;
				PRODUCT_BUNDLE_IDENTIFIER = "angthow1-jh.edu.Real-time-Sport-Analyzer.watchkitapp";
				PRODUCT_NAME = "$(TARGET_NAME)";
				SDKROOT = watchos;
				SKIP_INSTALL = YES;
				SWIFT_EMIT_LOC_STRINGS = YES;
				SWIFT_VERSION = 5.0;
				TARGETED_DEVICE_FAMILY = 4;
				VALIDATE_PRODUCT = YES;
				WATCHOS_DEPLOYMENT_TARGET = 10.5;
			};
			name = Release;
		};
		6B463F202BF963D200A9B1C4 /* Debug */ = {
			isa = XCBuildConfiguration;
			buildSettings = {
				ALWAYS_EMBED_SWIFT_STANDARD_LIBRARIES = YES;
				ASSETCATALOG_COMPILER_APPICON_NAME = AppIcon;
				ASSETCATALOG_COMPILER_GLOBAL_ACCENT_COLOR_NAME = AccentColor;
				CODE_SIGN_STYLE = Automatic;
				CURRENT_PROJECT_VERSION = 1;
				DEVELOPMENT_ASSET_PATHS = "\"Real-time Sport Analyzer/Preview Content\"";
				DEVELOPMENT_TEAM = VX94UJV87E;
				ENABLE_PREVIEWS = YES;
				GENERATE_INFOPLIST_FILE = YES;
				INFOPLIST_KEY_CFBundleDisplayName = "Real-time Sport Analyzer";
				INFOPLIST_KEY_UIApplicationSceneManifest_Generation = YES;
				INFOPLIST_KEY_UIApplicationSupportsIndirectInputEvents = YES;
				INFOPLIST_KEY_UILaunchScreen_Generation = YES;
				INFOPLIST_KEY_UISupportedInterfaceOrientations_iPad = "UIInterfaceOrientationPortrait UIInterfaceOrientationPortraitUpsideDown UIInterfaceOrientationLandscapeLeft UIInterfaceOrientationLandscapeRight";
				INFOPLIST_KEY_UISupportedInterfaceOrientations_iPhone = "UIInterfaceOrientationPortrait UIInterfaceOrientationLandscapeLeft UIInterfaceOrientationLandscapeRight";
				IPHONEOS_DEPLOYMENT_TARGET = 17.5;
				LD_RUNPATH_SEARCH_PATHS = (
					"$(inherited)",
					"@executable_path/Frameworks",
				);
				MARKETING_VERSION = 1.0;
				PRODUCT_BUNDLE_IDENTIFIER = "angthow1-jh.edu.Real-time-Sport-Analyzer";
				PRODUCT_NAME = "$(TARGET_NAME)";
				SDKROOT = iphoneos;
				SWIFT_EMIT_LOC_STRINGS = YES;
				SWIFT_VERSION = 5.0;
				TARGETED_DEVICE_FAMILY = "1,2";
			};
			name = Debug;
		};
		6B463F212BF963D200A9B1C4 /* Release */ = {
			isa = XCBuildConfiguration;
			buildSettings = {
				ALWAYS_EMBED_SWIFT_STANDARD_LIBRARIES = YES;
				ASSETCATALOG_COMPILER_APPICON_NAME = AppIcon;
				ASSETCATALOG_COMPILER_GLOBAL_ACCENT_COLOR_NAME = AccentColor;
				CODE_SIGN_STYLE = Automatic;
				CURRENT_PROJECT_VERSION = 1;
				DEVELOPMENT_ASSET_PATHS = "\"Real-time Sport Analyzer/Preview Content\"";
				DEVELOPMENT_TEAM = VX94UJV87E;
				ENABLE_PREVIEWS = YES;
				GENERATE_INFOPLIST_FILE = YES;
				INFOPLIST_KEY_CFBundleDisplayName = "Real-time Sport Analyzer";
				INFOPLIST_KEY_UIApplicationSceneManifest_Generation = YES;
				INFOPLIST_KEY_UIApplicationSupportsIndirectInputEvents = YES;
				INFOPLIST_KEY_UILaunchScreen_Generation = YES;
				INFOPLIST_KEY_UISupportedInterfaceOrientations_iPad = "UIInterfaceOrientationPortrait UIInterfaceOrientationPortraitUpsideDown UIInterfaceOrientationLandscapeLeft UIInterfaceOrientationLandscapeRight";
				INFOPLIST_KEY_UISupportedInterfaceOrientations_iPhone = "UIInterfaceOrientationPortrait UIInterfaceOrientationLandscapeLeft UIInterfaceOrientationLandscapeRight";
				IPHONEOS_DEPLOYMENT_TARGET = 17.5;
				LD_RUNPATH_SEARCH_PATHS = (
					"$(inherited)",
					"@executable_path/Frameworks",
				);
				MARKETING_VERSION = 1.0;
				PRODUCT_BUNDLE_IDENTIFIER = "angthow1-jh.edu.Real-time-Sport-Analyzer";
				PRODUCT_NAME = "$(TARGET_NAME)";
				SDKROOT = iphoneos;
				SWIFT_EMIT_LOC_STRINGS = YES;
				SWIFT_VERSION = 5.0;
				TARGETED_DEVICE_FAMILY = "1,2";
				VALIDATE_PRODUCT = YES;
			};
			name = Release;
		};
/* End XCBuildConfiguration section */

/* Begin XCConfigurationList section */
		6B463EF62BF963CF00A9B1C4 /* Build configuration list for PBXProject "Real-time Sport Analyzer" */ = {
			isa = XCConfigurationList;
			buildConfigurations = (
				6B463F192BF963D200A9B1C4 /* Debug */,
				6B463F1A2BF963D200A9B1C4 /* Release */,
			);
			defaultConfigurationIsVisible = 0;
			defaultConfigurationName = Release;
		};
		6B463F1B2BF963D200A9B1C4 /* Build configuration list for PBXNativeTarget "Real-time Sport Analyzer Watch App" */ = {
			isa = XCConfigurationList;
			buildConfigurations = (
				6B463F1C2BF963D200A9B1C4 /* Debug */,
				6B463F1D2BF963D200A9B1C4 /* Release */,
			);
			defaultConfigurationIsVisible = 0;
			defaultConfigurationName = Release;
		};
		6B463F1F2BF963D200A9B1C4 /* Build configuration list for PBXNativeTarget "Real-time Sport Analyzer" */ = {
			isa = XCConfigurationList;
			buildConfigurations = (
				6B463F202BF963D200A9B1C4 /* Debug */,
				6B463F212BF963D200A9B1C4 /* Release */,
			);
			defaultConfigurationIsVisible = 0;
			defaultConfigurationName = Release;
		};
/* End XCConfigurationList section */
	};
	rootObject = 6B463EF32BF963CF00A9B1C4 /* Project object */;
}
